{
  "requires": true,
  "lockfileVersion": 1,
  "dependencies": {
    "blueimp-canvas-to-blob": {
      "version": "3.24.0",
      "resolved": "https://registry.npmjs.org/blueimp-canvas-to-blob/-/blueimp-canvas-to-blob-3.24.0.tgz",
      "integrity": "sha512-HnHPjn/3QOqQpKCrd+2FVZaUXKygz3alozRdA2E8DGSjngQujM7QPXhowqc3BajJr2OT+tJSs1L4LPL1OyXhSw=="
    },
    "blueimp-file-upload": {
      "version": "10.21.0",
      "resolved": "https://registry.npmjs.org/blueimp-file-upload/-/blueimp-file-upload-10.21.0.tgz",
      "integrity": "sha512-G9nYELFINXNYpegt3Okkp1XJ9Vilu7i1kRUylE4apiFN0C+Po8Em0HKZa1O6Nnz/vh/23Arw4bQrnaiQ0/qZ9A==",
      "requires": {
        "blueimp-canvas-to-blob": "3",
        "blueimp-load-image": "5",
        "blueimp-tmpl": "3"
      }
    },
    "blueimp-load-image": {
      "version": "5.6.0",
      "resolved": "https://registry.npmjs.org/blueimp-load-image/-/blueimp-load-image-5.6.0.tgz",
      "integrity": "sha512-3fcMbfyFJGZWEyl+xaLuA28skNLC4yWOLriy3HW+TeuaSqsSKh4CZ6i1vdwSw40IvlkWqFIBU5EuNarPWRVsAQ=="
    },
    "blueimp-tmpl": {
      "version": "3.15.0",
      "resolved": "https://registry.npmjs.org/blueimp-tmpl/-/blueimp-tmpl-3.15.0.tgz",
      "integrity": "sha512-m+zf9NJ7xzPJJeSxzoMLTfgFGGGz/jySoPDcDBJuahPWMJFc7C1nNaXo5LjcmskOl0vCVX4ke2zZQ9fQIP6sVw=="
    },
    "bootstrap": {
      "version": "4.4.1",
      "resolved": "https://registry.npmjs.org/bootstrap/-/bootstrap-4.4.1.tgz",
      "integrity": "sha512-tbx5cHubwE6e2ZG7nqM3g/FZ5PQEDMWmMGNrCUBVRPHXTJaH7CBDdsLeu3eCh3B1tzAxTnAbtmrzvWEvT2NNEA=="
    },
    "cloudinary-jquery-file-upload": {
      "version": "2.8.2",
      "resolved": "https://registry.npmjs.org/cloudinary-jquery-file-upload/-/cloudinary-jquery-file-upload-2.8.2.tgz",
      "integrity": "sha512-3DcVEBmyEoxV5ti9PXjxBVr6ahVtdNOdM01pZQ6qu4Fi8b5w7zEuQ1eXcOKDKces1ngqUXFiCBbAVPPIW5kaaQ=="
    },
    "jquery": {
      "version": "3.5.1",
      "resolved": "https://registry.npmjs.org/jquery/-/jquery-3.5.1.tgz",
      "integrity": "sha512-XwIBPqcMn57FxfT+Go5pzySnm4KWkT1Tv7gjrpT1srtf8Weynl6R273VJ5GjkRb51IzMp5nbaPjJXMWeju2MKg=="
    }
  }
}
